
Microsoft Visual Studio Solution File, Format Version 12.00
# Visual Studio Version 17
VisualStudioVersion = 17.12.35728.132
MinimumVisualStudioVersion = 10.0.40219.1
Project("{2150E333-8FDC-42A3-9474-1A3956D46DE8}") = "Doc", "Doc", "{830E6AB0-3770-44AA-98D4-1BB2FE4209D5}"
EndProject
Project("{2150E333-8FDC-42A3-9474-1A3956D46DE8}") = "Src", "Src", "{79DA18B6-A71C-4C68-BCAE-DBF15705145E}"
EndProject
Project("{2150E333-8FDC-42A3-9474-1A3956D46DE8}") = "Test", "Test", "{81B5BB8B-2069-42BF-B3C6-C804A77425A5}"
EndProject
Project("{2150E333-8FDC-42A3-9474-1A3956D46DE8}") = "Core", "Core", "{2E16391A-AFA2-4D63-B2B1-AC433E7068D0}"
EndProject
Project("{2150E333-8FDC-42A3-9474-1A3956D46DE8}") = "Infrastructure", "Infrastructure", "{169AAD25-9FBF-427C-A113-B68D24C49295}"
EndProject
Project("{2150E333-8FDC-42A3-9474-1A3956D46DE8}") = "Presentation", "Presentation", "{CC24B0C3-CBB2-403E-B22A-4A4B60A896AA}"
EndProject
Project("{2150E333-8FDC-42A3-9474-1A3956D46DE8}") = "Common", "Common", "{2CA5F729-3FF5-4009-8CEC-8EBD6FD5CA19}"
EndProject
Project("{FAE04EC0-301F-11D3-BF4B-00C04F79EFBC}") = "TaskPlanner.Domain", "Tabloyar.Domain\TaskPlanner.Domain.csproj", "{A7254E3B-2CDA-4712-8C56-F8E2BA7A421E}"
EndProject
Project("{FAE04EC0-301F-11D3-BF4B-00C04F79EFBC}") = "TaskPlanner.Application", "Tabloyar.Application\TaskPlanner.Application.csproj", "{C5746E0B-C6C4-47A4-995F-4F2F89131C83}"
EndProject
Project("{FAE04EC0-301F-11D3-BF4B-00C04F79EFBC}") = "TaskPlanner.Infrastructure", "Tabloyar.Infrastructure\TaskPlanner.Infrastructure.csproj", "{72B33710-F366-4857-8983-F6E0337CBA83}"
EndProject
Project("{FAE04EC0-301F-11D3-BF4B-00C04F79EFBC}") = "TaskPlanner.Persistence", "Tabloyar.Persistence\TaskPlanner.Persistence.csproj", "{CB1A5447-CABF-43F0-A1EA-EC6DCCEB8739}"
EndProject
Project("{FAE04EC0-301F-11D3-BF4B-00C04F79EFBC}") = "TaskPlanner.Common", "Tabloyar.Common\TaskPlanner.Common.csproj", "{1FEABD51-A0E6-448C-BFFD-9793979B7B8F}"
EndProject
Project("{FAE04EC0-301F-11D3-BF4B-00C04F79EFBC}") = "Endpoint.Site", "Endpoint.Site\Endpoint.Site.csproj", "{A6217766-032B-4F64-B60F-345686397BDC}"
EndProject
Global
	GlobalSection(SolutionConfigurationPlatforms) = preSolution
		Debug|Any CPU = Debug|Any CPU
		Release|Any CPU = Release|Any CPU
	EndGlobalSection
	GlobalSection(ProjectConfigurationPlatforms) = postSolution
		{A7254E3B-2CDA-4712-8C56-F8E2BA7A421E}.Debug|Any CPU.ActiveCfg = Debug|Any CPU
		{A7254E3B-2CDA-4712-8C56-F8E2BA7A421E}.Debug|Any CPU.Build.0 = Debug|Any CPU
		{A7254E3B-2CDA-4712-8C56-F8E2BA7A421E}.Release|Any CPU.ActiveCfg = Release|Any CPU
		{A7254E3B-2CDA-4712-8C56-F8E2BA7A421E}.Release|Any CPU.Build.0 = Release|Any CPU
		{C5746E0B-C6C4-47A4-995F-4F2F89131C83}.Debug|Any CPU.ActiveCfg = Debug|Any CPU
		{C5746E0B-C6C4-47A4-995F-4F2F89131C83}.Debug|Any CPU.Build.0 = Debug|Any CPU
		{C5746E0B-C6C4-47A4-995F-4F2F89131C83}.Release|Any CPU.ActiveCfg = Release|Any CPU
		{C5746E0B-C6C4-47A4-995F-4F2F89131C83}.Release|Any CPU.Build.0 = Release|Any CPU
		{72B33710-F366-4857-8983-F6E0337CBA83}.Debug|Any CPU.ActiveCfg = Debug|Any CPU
		{72B33710-F366-4857-8983-F6E0337CBA83}.Debug|Any CPU.Build.0 = Debug|Any CPU
		{72B33710-F366-4857-8983-F6E0337CBA83}.Release|Any CPU.ActiveCfg = Release|Any CPU
		{72B33710-F366-4857-8983-F6E0337CBA83}.Release|Any CPU.Build.0 = Release|Any CPU
		{CB1A5447-CABF-43F0-A1EA-EC6DCCEB8739}.Debug|Any CPU.ActiveCfg = Debug|Any CPU
		{CB1A5447-CABF-43F0-A1EA-EC6DCCEB8739}.Debug|Any CPU.Build.0 = Debug|Any CPU
		{CB1A5447-CABF-43F0-A1EA-EC6DCCEB8739}.Release|Any CPU.ActiveCfg = Release|Any CPU
		{CB1A5447-CABF-43F0-A1EA-EC6DCCEB8739}.Release|Any CPU.Build.0 = Release|Any CPU
		{1FEABD51-A0E6-448C-BFFD-9793979B7B8F}.Debug|Any CPU.ActiveCfg = Debug|Any CPU
		{1FEABD51-A0E6-448C-BFFD-9793979B7B8F}.Debug|Any CPU.Build.0 = Debug|Any CPU
		{1FEABD51-A0E6-448C-BFFD-9793979B7B8F}.Release|Any CPU.ActiveCfg = Release|Any CPU
		{1FEABD51-A0E6-448C-BFFD-9793979B7B8F}.Release|Any CPU.Build.0 = Release|Any CPU
		{A6217766-032B-4F64-B60F-345686397BDC}.Debug|Any CPU.ActiveCfg = Debug|Any CPU
		{A6217766-032B-4F64-B60F-345686397BDC}.Debug|Any CPU.Build.0 = Debug|Any CPU
		{A6217766-032B-4F64-B60F-345686397BDC}.Release|Any CPU.ActiveCfg = Release|Any CPU
		{A6217766-032B-4F64-B60F-345686397BDC}.Release|Any CPU.Build.0 = Release|Any CPU
	EndGlobalSection
	GlobalSection(SolutionProperties) = preSolution
		HideSolutionNode = FALSE
	EndGlobalSection
	GlobalSection(NestedProjects) = preSolution
		{2E16391A-AFA2-4D63-B2B1-AC433E7068D0} = {79DA18B6-A71C-4C68-BCAE-DBF15705145E}
		{169AAD25-9FBF-427C-A113-B68D24C49295} = {79DA18B6-A71C-4C68-BCAE-DBF15705145E}
		{CC24B0C3-CBB2-403E-B22A-4A4B60A896AA} = {79DA18B6-A71C-4C68-BCAE-DBF15705145E}
		{2CA5F729-3FF5-4009-8CEC-8EBD6FD5CA19} = {79DA18B6-A71C-4C68-BCAE-DBF15705145E}
		{A7254E3B-2CDA-4712-8C56-F8E2BA7A421E} = {2E16391A-AFA2-4D63-B2B1-AC433E7068D0}
		{C5746E0B-C6C4-47A4-995F-4F2F89131C83} = {2E16391A-AFA2-4D63-B2B1-AC433E7068D0}
		{72B33710-F366-4857-8983-F6E0337CBA83} = {169AAD25-9FBF-427C-A113-B68D24C49295}
		{CB1A5447-CABF-43F0-A1EA-EC6DCCEB8739} = {169AAD25-9FBF-427C-A113-B68D24C49295}
		{1FEABD51-A0E6-448C-BFFD-9793979B7B8F} = {2CA5F729-3FF5-4009-8CEC-8EBD6FD5CA19}
		{A6217766-032B-4F64-B60F-345686397BDC} = {CC24B0C3-CBB2-403E-B22A-4A4B60A896AA}
	EndGlobalSection
EndGlobal
